Microsoft Visual Studio Solution File, Format Version 11.00
# Visual Studio 2008

Project("{9E43EF70-0662-6880-915B-D361116520C4}") = "andriodProject", "Assembly-CSharp.csproj", "{09E9CBE0-C882-7288-6FA7-35D0F1DE3738}"
EndProject
Global
	GlobalSection(SolutionConfigurationPlatforms) = preSolution
		Debug|Any CPU = Debug|Any CPU
		Release|Any CPU = Release|Any CPU
	EndGlobalSection
	GlobalSection(ProjectConfigurationPlatforms) = postSolution
		{09E9CBE0-C882-7288-6FA7-35D0F1DE3738}.Debug|Any CPU.ActiveCfg = Debug|Any CPU
		{09E9CBE0-C882-7288-6FA7-35D0F1DE3738}.Debug|Any CPU.Build.0 = Debug|Any CPU
		{09E9CBE0-C882-7288-6FA7-35D0F1DE3738}.Release|Any CPU.ActiveCfg = Release|Any CPU
		{09E9CBE0-C882-7288-6FA7-35D0F1DE3738}.Release|Any CPU.Build.0 = Release|Any CPU
	EndGlobalSection
	GlobalSection(SolutionProperties) = preSolution
		HideSolutionNode = FALSE
	EndGlobalSection
	GlobalSection(MonoDevelopProperties) = preSolution
		StartupItem = Assembly-CSharp.csproj
	EndGlobalSection
EndGlobal
